// !$*UTF8*$!
{
	archiveVersion = 1;
	classes = {
	};
	objectVersion = 55;
	objects = {

/* Begin PBXBuildFile section */
		1848132B2C366CD000B7F50A /* AppDelegate.swift in Sources */ = {isa = PBXBuildFile; fileRef = 1848132A2C366CD000B7F50A /* AppDelegate.swift */; };
		1848132D2C366CD000B7F50A /* SceneDelegate.swift in Sources */ = {isa = PBXBuildFile; fileRef = 1848132C2C366CD000B7F50A /* SceneDelegate.swift */; };
		1848132F2C366CD000B7F50A /* ViewController.swift in Sources */ = {isa = PBXBuildFile; fileRef = 1848132E2C366CD000B7F50A /* ViewController.swift */; };
		184813322C366CD000B7F50A /* Main.storyboard in Resources */ = {isa = PBXBuildFile; fileRef = 184813302C366CD000B7F50A /* Main.storyboard */; };
		184813342C366CD200B7F50A /* Assets.xcassets in Resources */ = {isa = PBXBuildFile; fileRef = 184813332C366CD200B7F50A /* Assets.xcassets */; };
		184813372C366CD200B7F50A /* LaunchScreen.storyboard in Resources */ = {isa = PBXBuildFile; fileRef = 184813352C366CD200B7F50A /* LaunchScreen.storyboard */; };
		1848133F2C36750A00B7F50A /* ServerViewController.swift in Sources */ = {isa = PBXBuildFile; fileRef = 1848133E2C36750A00B7F50A /* ServerViewController.swift */; };
		184813422C3677A300B7F50A /* Person.swift in Sources */ = {isa = PBXBuildFile; fileRef = 184813412C3677A300B7F50A /* Person.swift */; };
		184813452C3691AD00B7F50A /* UserTableViewCell.swift in Sources */ = {isa = PBXBuildFile; fileRef = 184813432C3691AD00B7F50A /* UserTableViewCell.swift */; };
		184813462C3691AD00B7F50A /* UserTableViewCell.xib in Resources */ = {isa = PBXBuildFile; fileRef = 184813442C3691AD00B7F50A /* UserTableViewCell.xib */; };
		184813482C36ABF300B7F50A /* DBHelper.swift in Sources */ = {isa = PBXBuildFile; fileRef = 184813472C36ABF300B7F50A /* DBHelper.swift */; };
		1848134B2C36B47A00B7F50A /* SqliteTableViewCell.swift in Sources */ = {isa = PBXBuildFile; fileRef = 184813492C36B47A00B7F50A /* SqliteTableViewCell.swift */; };
		1848134C2C36B47A00B7F50A /* SqliteTableViewCell.xib in Resources */ = {isa = PBXBuildFile; fileRef = 1848134A2C36B47A00B7F50A /* SqliteTableViewCell.xib */; };
		1848134E2C36B53C00B7F50A /* SquliteDataViewController.swift in Sources */ = {isa = PBXBuildFile; fileRef = 1848134D2C36B53C00B7F50A /* SquliteDataViewController.swift */; };
/* End PBXBuildFile section */

/* Begin PBXFileReference section */
		184813272C366CD000B7F50A /* ApiToSqulite.app */ = {isa = PBXFileReference; explicitFileType = wrapper.application; includeInIndex = 0; path = ApiToSqulite.app; sourceTree = BUILT_PRODUCTS_DIR; };
		1848132A2C366CD000B7F50A /* AppDelegate.swift */ = {isa = PBXFileReference; lastKnownFileType = sourcecode.swift; path = AppDelegate.swift; sourceTree = "<group>"; };
		1848132C2C366CD000B7F50A /* SceneDelegate.swift */ = {isa = PBXFileReference; lastKnownFileType = sourcecode.swift; path = SceneDelegate.swift; sourceTree = "<group>"; };
		1848132E2C366CD000B7F50A /* ViewController.swift */ = {isa = PBXFileReference; lastKnownFileType = sourcecode.swift; path = ViewController.swift; sourceTree = "<group>"; };
		184813312C366CD000B7F50A /* Base */ = {isa = PBXFileReference; lastKnownFileType = file.storyboard; name = Base; path = Base.lproj/Main.storyboard; sourceTree = "<group>"; };
		184813332C366CD200B7F50A /* Assets.xcassets */ = {isa = PBXFileReference; lastKnownFileType = folder.assetcatalog; path = Assets.xcassets; sourceTree = "<group>"; };
		184813362C366CD200B7F50A /* Base */ = {isa = PBXFileReference; lastKnownFileType = file.storyboard; name = Base; path = Base.lproj/LaunchScreen.storyboard; sourceTree = "<group>"; };
		184813382C366CD200B7F50A /* Info.plist */ = {isa = PBXFileReference; lastKnownFileType = text.plist.xml; path = Info.plist; sourceTree = "<group>"; };
		1848133E2C36750A00B7F50A /* ServerViewController.swift */ = {isa = PBXFileReference; lastKnownFileType = sourcecode.swift; path = ServerViewController.swift; sourceTree = "<group>"; };
		184813412C3677A300B7F50A /* Person.swift */ = {isa = PBXFileReference; lastKnownFileType = sourcecode.swift; path = Person.swift; sourceTree = "<group>"; };
		184813432C3691AD00B7F50A /* UserTableViewCell.swift */ = {isa = PBXFileReference; lastKnownFileType = sourcecode.swift; path = UserTableViewCell.swift; sourceTree = "<group>"; };
		184813442C3691AD00B7F50A /* UserTableViewCell.xib */ = {isa = PBXFileReference; lastKnownFileType = file.xib; path = UserTableViewCell.xib; sourceTree = "<group>"; };
		184813472C36ABF300B7F50A /* DBHelper.swift */ = {isa = PBXFileReference; lastKnownFileType = sourcecode.swift; path = DBHelper.swift; sourceTree = "<group>"; };
		184813492C36B47A00B7F50A /* SqliteTableViewCell.swift */ = {isa = PBXFileReference; lastKnownFileType = sourcecode.swift; path = SqliteTableViewCell.swift; sourceTree = "<group>"; };
		1848134A2C36B47A00B7F50A /* SqliteTableViewCell.xib */ = {isa = PBXFileReference; lastKnownFileType = file.xib; path = SqliteTableViewCell.xib; sourceTree = "<group>"; };
		1848134D2C36B53C00B7F50A /* SquliteDataViewController.swift */ = {isa = PBXFileReference; lastKnownFileType = sourcecode.swift; path = SquliteDataViewController.swift; sourceTree = "<group>"; };
/* End PBXFileReference section */

/* Begin PBXFrameworksBuildPhase section */
		184813242C366CD000B7F50A /* Frameworks */ = {
			isa = PBXFrameworksBuildPhase;
			buildActionMask = 2147483647;
			files = (
			);
			runOnlyForDeploymentPostprocessing = 0;
		};
/* End PBXFrameworksBuildPhase section */

/* Begin PBXGroup section */
		1848131E2C366CD000B7F50A = {
			isa = PBXGroup;
			children = (
				184813292C366CD000B7F50A /* ApiToSqulite */,
				184813282C366CD000B7F50A /* Products */,
			);
			sourceTree = "<group>";
		};
		184813282C366CD000B7F50A /* Products */ = {
			isa = PBXGroup;
			children = (
				184813272C366CD000B7F50A /* ApiToSqulite.app */,
			);
			name = Products;
			sourceTree = "<group>";
		};
		184813292C366CD000B7F50A /* ApiToSqulite */ = {
			isa = PBXGroup;
			children = (
				1848132A2C366CD000B7F50A /* AppDelegate.swift */,
				1848132C2C366CD000B7F50A /* SceneDelegate.swift */,
				1848132E2C366CD000B7F50A /* ViewController.swift */,
				1848133E2C36750A00B7F50A /* ServerViewController.swift */,
				1848134D2C36B53C00B7F50A /* SquliteDataViewController.swift */,
				184813442C3691AD00B7F50A /* UserTableViewCell.xib */,
				184813432C3691AD00B7F50A /* UserTableViewCell.swift */,
				184813302C366CD000B7F50A /* Main.storyboard */,
				184813332C366CD200B7F50A /* Assets.xcassets */,
				184813352C366CD200B7F50A /* LaunchScreen.storyboard */,
				184813382C366CD200B7F50A /* Info.plist */,
				184813412C3677A300B7F50A /* Person.swift */,
				184813472C36ABF300B7F50A /* DBHelper.swift */,
				184813492C36B47A00B7F50A /* SqliteTableViewCell.swift */,
				1848134A2C36B47A00B7F50A /* SqliteTableViewCell.xib */,
			);
			path = ApiToSqulite;
			sourceTree = "<group>";
		};
/* End PBXGroup section */

/* Begin PBXNativeTarget section */
		184813262C366CD000B7F50A /* ApiToSqulite */ = {
			isa = PBXNativeTarget;
			buildConfigurationList = 1848133B2C366CD200B7F50A /* Build configuration list for PBXNativeTarget "ApiToSqulite" */;
			buildPhases = (
				184813232C366CD000B7F50A /* Sources */,
				184813242C366CD000B7F50A /* Frameworks */,
				184813252C366CD000B7F50A /* Resources */,
			);
			buildRules = (
			);
			dependencies = (
			);
			name = ApiToSqulite;
			productName = ApiToSqulite;
			productReference = 184813272C366CD000B7F50A /* ApiToSqulite.app */;
			productType = "com.apple.product-type.application";
		};
/* End PBXNativeTarget section */

/* Begin PBXProject section */
		1848131F2C366CD000B7F50A /* Project object */ = {
			isa = PBXProject;
			attributes = {
				BuildIndependentTargetsInParallel = 1;
				LastSwiftUpdateCheck = 1330;
				LastUpgradeCheck = 1330;
				TargetAttributes = {
					184813262C366CD000B7F50A = {
						CreatedOnToolsVersion = 13.3.1;
					};
				};
			};
			buildConfigurationList = 184813222C366CD000B7F50A /* Build configuration list for PBXProject "ApiToSqulite" */;
			compatibilityVersion = "Xcode 13.0";
			developmentRegion = en;
			hasScannedForEncodings = 0;
			knownRegions = (
				en,
				Base,
			);
			mainGroup = 1848131E2C366CD000B7F50A;
			productRefGroup = 184813282C366CD000B7F50A /* Products */;
			projectDirPath = "";
			projectRoot = "";
			targets = (
				184813262C366CD000B7F50A /* ApiToSqulite */,
			);
		};
/* End PBXProject section */

/* Begin PBXResourcesBuildPhase section */
		184813252C366CD000B7F50A /* Resources */ = {
			isa = PBXResourcesBuildPhase;
			buildActionMask = 2147483647;
			files = (
				184813462C3691AD00B7F50A /* UserTableViewCell.xib in Resources */,
				1848134C2C36B47A00B7F50A /* SqliteTableViewCell.xib in Resources */,
				184813372C366CD200B7F50A /* LaunchScreen.storyboard in Resources */,
				184813342C366CD200B7F50A /* Assets.xcassets in Resources */,
				184813322C366CD000B7F50A /* Main.storyboard in Resources */,
			);
			runOnlyForDeploymentPostprocessing = 0;
		};
/* End PBXResourcesBuildPhase section */

/* Begin PBXSourcesBuildPhase section */
		184813232C366CD000B7F50A /* Sources */ = {
			isa = PBXSourcesBuildPhase;
			buildActionMask = 2147483647;
			files = (
				184813422C3677A300B7F50A /* Person.swift in Sources */,
				1848134B2C36B47A00B7F50A /* SqliteTableViewCell.swift in Sources */,
				1848132F2C366CD000B7F50A /* ViewController.swift in Sources */,
				1848132B2C366CD000B7F50A /* AppDelegate.swift in Sources */,
				184813482C36ABF300B7F50A /* DBHelper.swift in Sources */,
				1848132D2C366CD000B7F50A /* SceneDelegate.swift in Sources */,
				184813452C3691AD00B7F50A /* UserTableViewCell.swift in Sources */,
				1848134E2C36B53C00B7F50A /* SquliteDataViewController.swift in Sources */,
				1848133F2C36750A00B7F50A /* ServerViewController.swift in Sources */,
			);
			runOnlyForDeploymentPostprocessing = 0;
		};
/* End PBXSourcesBuildPhase section */

/* Begin PBXVariantGroup section */
		184813302C366CD000B7F50A /* Main.storyboard */ = {
			isa = PBXVariantGroup;
			children = (
				184813312C366CD000B7F50A /* Base */,
			);
			name = Main.storyboard;
			sourceTree = "<group>";
		};
		184813352C366CD200B7F50A /* LaunchScreen.storyboard */ = {
			isa = PBXVariantGroup;
			children = (
				184813362C366CD200B7F50A /* Base */,
			);
			name = LaunchScreen.storyboard;
			sourceTree = "<group>";
		};
/* End PBXVariantGroup section */

/* Begin XCBuildConfiguration section */
		184813392C366CD200B7F50A /* Debug */ = {
			isa = XCBuildConfiguration;
			buildSettings = {
				ALWAYS_SEARCH_USER_PATHS = NO;
				CLANG_ANALYZER_NONNULL = YES;
				CLANG_ANALYZER_NUMBER_OBJECT_CONVERSION = YES_AGGRESSIVE;
				CLANG_CXX_LANGUAGE_STANDARD = "gnu++17";
				CLANG_ENABLE_MODULES = YES;
				CLANG_ENABLE_OBJC_ARC = YES;
				CLANG_ENABLE_OBJC_WEAK = YES;
				CLANG_WARN_BLOCK_CAPTURE_AUTORELEASING = YES;
				CLANG_WARN_BOOL_CONVERSION = YES;
				CLANG_WARN_COMMA = YES;
				CLANG_WARN_CONSTANT_CONVERSION = YES;
				CLANG_WARN_DEPRECATED_OBJC_IMPLEMENTATIONS = YES;
				CLANG_WARN_DIRECT_OBJC_ISA_USAGE = YES_ERROR;
				CLANG_WARN_DOCUMENTATION_COMMENTS = YES;
				CLANG_WARN_EMPTY_BODY = YES;
				CLANG_WARN_ENUM_CONVERSION = YES;
				CLANG_WARN_INFINITE_RECURSION = YES;
				CLANG_WARN_INT_CONVERSION = YES;
				CLANG_WARN_NON_LITERAL_NULL_CONVERSION = YES;
				CLANG_WARN_OBJC_IMPLICIT_RETAIN_SELF = YES;
				CLANG_WARN_OBJC_LITERAL_CONVERSION = YES;
				CLANG_WARN_OBJC_ROOT_CLASS = YES_ERROR;
				CLANG_WARN_QUOTED_INCLUDE_IN_FRAMEWORK_HEADER = YES;
				CLANG_WARN_RANGE_LOOP_ANALYSIS = YES;
				CLANG_WARN_STRICT_PROTOTYPES = YES;
				CLANG_WARN_SUSPICIOUS_MOVE = YES;
				CLANG_WARN_UNGUARDED_AVAILABILITY = YES_AGGRESSIVE;
				CLANG_WARN_UNREACHABLE_CODE = YES;
				CLANG_WARN__DUPLICATE_METHOD_MATCH = YES;
				COPY_PHASE_STRIP = NO;
				DEBUG_INFORMATION_FORMAT = dwarf;
				ENABLE_STRICT_OBJC_MSGSEND = YES;
				ENABLE_TESTABILITY = YES;
				GCC_C_LANGUAGE_STANDARD = gnu11;
				GCC_DYNAMIC_NO_PIC = NO;
				GCC_NO_COMMON_BLOCKS = YES;
				GCC_OPTIMIZATION_LEVEL = 0;
				GCC_PREPROCESSOR_DEFINITIONS = (
					"DEBUG=1",
					"$(inherited)",
				);
				GCC_WARN_64_TO_32_BIT_CONVERSION = YES;
				GCC_WARN_ABOUT_RETURN_TYPE = YES_ERROR;
				GCC_WARN_UNDECLARED_SELECTOR = YES;
				GCC_WARN_UNINITIALIZED_AUTOS = YES_AGGRESSIVE;
				GCC_WARN_UNUSED_FUNCTION = YES;
				GCC_WARN_UNUSED_VARIABLE = YES;
				IPHONEOS_DEPLOYMENT_TARGET = 15.4;
				MTL_ENABLE_DEBUG_INFO = INCLUDE_SOURCE;
				MTL_FAST_MATH = YES;
				ONLY_ACTIVE_ARCH = YES;
				SDKROOT = iphoneos;
				SWIFT_ACTIVE_COMPILATION_CONDITIONS = DEBUG;
				SWIFT_OPTIMIZATION_LEVEL = "-Onone";
			};
			name = Debug;
		};
		1848133A2C366CD200B7F50A /* Release */ = {
			isa = XCBuildConfiguration;
			buildSettings = {
				ALWAYS_SEARCH_USER_PATHS = NO;
				CLANG_ANALYZER_NONNULL = YES;
				CLANG_ANALYZER_NUMBER_OBJECT_CONVERSION = YES_AGGRESSIVE;
				CLANG_CXX_LANGUAGE_STANDARD = "gnu++17";
				CLANG_ENABLE_MODULES = YES;
				CLANG_ENABLE_OBJC_ARC = YES;
				CLANG_ENABLE_OBJC_WEAK = YES;
				CLANG_WARN_BLOCK_CAPTURE_AUTORELEASING = YES;
				CLANG_WARN_BOOL_CONVERSION = YES;
				CLANG_WARN_COMMA = YES;
				CLANG_WARN_CONSTANT_CONVERSION = YES;
				CLANG_WARN_DEPRECATED_OBJC_IMPLEMENTATIONS = YES;
				CLANG_WARN_DIRECT_OBJC_ISA_USAGE = YES_ERROR;
				CLANG_WARN_DOCUMENTATION_COMMENTS = YES;
				CLANG_WARN_EMPTY_BODY = YES;
				CLANG_WARN_ENUM_CONVERSION = YES;
				CLANG_WARN_INFINITE_RECURSION = YES;
				CLANG_WARN_INT_CONVERSION = YES;
				CLANG_WARN_NON_LITERAL_NULL_CONVERSION = YES;
				CLANG_WARN_OBJC_IMPLICIT_RETAIN_SELF = YES;
				CLANG_WARN_OBJC_LITERAL_CONVERSION = YES;
				CLANG_WARN_OBJC_ROOT_CLASS = YES_ERROR;
				CLANG_WARN_QUOTED_INCLUDE_IN_FRAMEWORK_HEADER = YES;
				CLANG_WARN_RANGE_LOOP_ANALYSIS = YES;
				CLANG_WARN_STRICT_PROTOTYPES = YES;
				CLANG_WARN_SUSPICIOUS_MOVE = YES;
				CLANG_WARN_UNGUARDED_AVAILABILITY = YES_AGGRESSIVE;
				CLANG_WARN_UNREACHABLE_CODE = YES;
				CLANG_WARN__DUPLICATE_METHOD_MATCH = YES;
				COPY_PHASE_STRIP = NO;
				DEBUG_INFORMATION_FORMAT = "dwarf-with-dsym";
				ENABLE_NS_ASSERTIONS = NO;
				ENABLE_STRICT_OBJC_MSGSEND = YES;
				GCC_C_LANGUAGE_STANDARD = gnu11;
				GCC_NO_COMMON_BLOCKS = YES;
				GCC_WARN_64_TO_32_BIT_CONVERSION = YES;
				GCC_WARN_ABOUT_RETURN_TYPE = YES_ERROR;
				GCC_WARN_UNDECLARED_SELECTOR = YES;
				GCC_WARN_UNINITIALIZED_AUTOS = YES_AGGRESSIVE;
				GCC_WARN_UNUSED_FUNCTION = YES;
				GCC_WARN_UNUSED_VARIABLE = YES;
				IPHONEOS_DEPLOYMENT_TARGET = 15.4;
				MTL_ENABLE_DEBUG_INFO = NO;
				MTL_FAST_MATH = YES;
				SDKROOT = iphoneos;
				SWIFT_COMPILATION_MODE = wholemodule;
				SWIFT_OPTIMIZATION_LEVEL = "-O";
				VALIDATE_PRODUCT = YES;
			};
			name = Release;
		};
		1848133C2C366CD200B7F50A /* Debug */ = {
			isa = XCBuildConfiguration;
			buildSettings = {
				ASSETCATALOG_COMPILER_APPICON_NAME = AppIcon;
				ASSETCATALOG_COMPILER_GLOBAL_ACCENT_COLOR_NAME = AccentColor;
				CODE_SIGN_STYLE = Automatic;
				CURRENT_PROJECT_VERSION = 1;
				GENERATE_INFOPLIST_FILE = YES;
				INFOPLIST_FILE = ApiToSqulite/Info.plist;
				INFOPLIST_KEY_UIApplicationSupportsIndirectInputEvents = YES;
				INFOPLIST_KEY_UILaunchStoryboardName = LaunchScreen;
				INFOPLIST_KEY_UIMainStoryboardFile = Main;
				INFOPLIST_KEY_UISupportedInterfaceOrientations_iPad = "UIInterfaceOrientationPortrait UIInterfaceOrientationPortraitUpsideDown UIInterfaceOrientationLandscapeLeft UIInterfaceOrientationLandscapeRight";
				INFOPLIST_KEY_UISupportedInterfaceOrientations_iPhone = "UIInterfaceOrientationPortrait UIInterfaceOrientationLandscapeLeft UIInterfaceOrientationLandscapeRight";
				LD_RUNPATH_SEARCH_PATHS = (
					"$(inherited)",
					"@executable_path/Frameworks",
				);
				MARKETING_VERSION = 1.0;
				PRODUCT_BUNDLE_IDENTIFIER = com.MyStore.ApiToSqulite;
				PRODUCT_NAME = "$(TARGET_NAME)";
				SWIFT_EMIT_LOC_STRINGS = YES;
				SWIFT_VERSION = 5.0;
				TARGETED_DEVICE_FAMILY = "1,2";
			};
			name = Debug;
		};
		1848133D2C366CD200B7F50A /* Release */ = {
			isa = XCBuildConfiguration;
			buildSettings = {
				ASSETCATALOG_COMPILER_APPICON_NAME = AppIcon;
				ASSETCATALOG_COMPILER_GLOBAL_ACCENT_COLOR_NAME = AccentColor;
				CODE_SIGN_STYLE = Automatic;
				CURRENT_PROJECT_VERSION = 1;
				GENERATE_INFOPLIST_FILE = YES;
				INFOPLIST_FILE = ApiToSqulite/Info.plist;
				INFOPLIST_KEY_UIApplicationSupportsIndirectInputEvents = YES;
				INFOPLIST_KEY_UILaunchStoryboardName = LaunchScreen;
				INFOPLIST_KEY_UIMainStoryboardFile = Main;
				INFOPLIST_KEY_UISupportedInterfaceOrientations_iPad = "UIInterfaceOrientationPortrait UIInterfaceOrientationPortraitUpsideDown UIInterfaceOrientationLandscapeLeft UIInterfaceOrientationLandscapeRight";
				INFOPLIST_KEY_UISupportedInterfaceOrientations_iPhone = "UIInterfaceOrientationPortrait UIInterfaceOrientationLandscapeLeft UIInterfaceOrientationLandscapeRight";
				LD_RUNPATH_SEARCH_PATHS = (
					"$(inherited)",
					"@executable_path/Frameworks",
				);
				MARKETING_VERSION = 1.0;
				PRODUCT_BUNDLE_IDENTIFIER = com.MyStore.ApiToSqulite;
				PRODUCT_NAME = "$(TARGET_NAME)";
				SWIFT_EMIT_LOC_STRINGS = YES;
				SWIFT_VERSION = 5.0;
				TARGETED_DEVICE_FAMILY = "1,2";
			};
			name = Release;
		};
/* End XCBuildConfiguration section */

/* Begin XCConfigurationList section */
		184813222C366CD000B7F50A /* Build configuration list for PBXProject "ApiToSqulite" */ = {
			isa = XCConfigurationList;
			buildConfigurations = (
				184813392C366CD200B7F50A /* Debug */,
				1848133A2C366CD200B7F50A /* Release */,
			);
			defaultConfigurationIsVisible = 0;
			defaultConfigurationName = Release;
		};
		1848133B2C366CD200B7F50A /* Build configuration list for PBXNativeTarget "ApiToSqulite" */ = {
			isa = XCConfigurationList;
			buildConfigurations = (
				1848133C2C366CD200B7F50A /* Debug */,
				1848133D2C366CD200B7F50A /* Release */,
			);
			defaultConfigurationIsVisible = 0;
			defaultConfigurationName = Release;
		};
/* End XCConfigurationList section */
	};
	rootObject = 1848131F2C366CD000B7F50A /* Project object */;
}
